
Microsoft Visual Studio Solution File, Format Version 12.00
# Visual Studio Version 17
VisualStudioVersion = 17.0.31903.59
MinimumVisualStudioVersion = 10.0.40219.1
Project("{2150E333-8FDC-42A3-9474-1A3956D46DE8}") = "src", "src", "{D66D9F5C-AC02-4ED9-B6B5-5AAB6FAAE6D1}"
EndProject
Project("{FAE04EC0-301F-11D3-BF4B-00C04F79EFBC}") = "Nebula.Core", "src\Nebula.Core\Nebula.Core.csproj", "{CEC1E4EB-BCE7-4645-A742-EE7AF39C7B2D}"
EndProject
Project("{FAE04EC0-301F-11D3-BF4B-00C04F79EFBC}") = "Nebula.Data", "src\Nebula.Data\Nebula.Data.csproj", "{DBD04C18-72DB-431A-A021-8DBF03C365DD}"
EndProject
Project("{FAE04EC0-301F-11D3-BF4B-00C04F79EFBC}") = "Nebula.ML", "src\Nebula.ML\Nebula.ML.csproj", "{0AEE108D-BAB4-4365-B364-B28BC3EB21B3}"
EndProject
Project("{FAE04EC0-301F-11D3-BF4B-00C04F79EFBC}") = "Nebula.NICE", "src\Nebula.NICE\Nebula.NICE.csproj", "{AA000061-29C1-4EAF-98C3-FDB6CB943085}"
EndProject
Project("{FAE04EC0-301F-11D3-BF4B-00C04F79EFBC}") = "Nebula.NN", "src\Nebula.NN\Nebula.NN.csproj", "{87A50ECC-6D3C-44A4-ACD1-8296403DEC23}"
EndProject
Project("{FAE04EC0-301F-11D3-BF4B-00C04F79EFBC}") = "Nebula.Sandbox", "src\Nebula.Sandbox\Nebula.Sandbox.csproj", "{46E12EDE-ECD9-45C2-804C-120F9A503AEE}"
EndProject
Project("{2150E333-8FDC-42A3-9474-1A3956D46DE8}") = "Benchmarks", "Benchmarks", "{88DBFF05-2114-4DF1-AF3B-F662C5685A07}"
EndProject
Project("{FAE04EC0-301F-11D3-BF4B-00C04F79EFBC}") = "Nebula.Data.Benchmarks", "src\Benchmarks\Nebula.Data.Benchmarks\Nebula.Data.Benchmarks.csproj", "{40F0DBEF-9CFE-4A3F-9B59-00169C5C35BC}"
EndProject
Project("{FAE04EC0-301F-11D3-BF4B-00C04F79EFBC}") = "Nebula.ML.Benchmarks", "src\Benchmarks\Nebula.ML.Benchmarks\Nebula.ML.Benchmarks.csproj", "{E27505C4-8842-4B8D-9D20-E3673940B46D}"
EndProject
Project("{FAE04EC0-301F-11D3-BF4B-00C04F79EFBC}") = "Nebula.NICE.Benchmarks", "src\Benchmarks\Nebula.NICE.Benchmarks\Nebula.NICE.Benchmarks.csproj", "{3D9BF569-FF8B-475F-AD01-BD952F0665B1}"
EndProject
Project("{FAE04EC0-301F-11D3-BF4B-00C04F79EFBC}") = "Nebula.NN.Benchmarks", "src\Benchmarks\Nebula.NN.Benchmarks\Nebula.NN.Benchmarks.csproj", "{075CC433-5A02-4C80-9C4C-AD8806073A28}"
EndProject
Project("{2150E333-8FDC-42A3-9474-1A3956D46DE8}") = "Tests", "Tests", "{D48086B3-4D6D-4D3D-AFED-CCB86A0EA304}"
EndProject
Project("{FAE04EC0-301F-11D3-BF4B-00C04F79EFBC}") = "Nebula.Core.UnitTests", "src\Tests\Nebula.Core.UnitTests\Nebula.Core.UnitTests.csproj", "{62E8555B-CCF2-43E8-9284-D963751D78F0}"
EndProject
Project("{FAE04EC0-301F-11D3-BF4B-00C04F79EFBC}") = "Nebula.Data.UnitTests", "src\Tests\Nebula.Data.UnitTests\Nebula.Data.UnitTests.csproj", "{69CEE216-4C47-4F52-B746-879CA728859D}"
EndProject
Project("{FAE04EC0-301F-11D3-BF4B-00C04F79EFBC}") = "Nebula.ML.UnitTests", "src\Tests\Nebula.ML.UnitTests\Nebula.ML.UnitTests.csproj", "{583A631F-AFAE-4173-B787-80801C1AFAB1}"
EndProject
Project("{FAE04EC0-301F-11D3-BF4B-00C04F79EFBC}") = "Nebula.NICE.UnitTests", "src\Tests\Nebula.NICE.UnitTests\Nebula.NICE.UnitTests.csproj", "{4B75C9C6-0DD0-48F0-AC2E-BD3940CE6932}"
EndProject
Project("{FAE04EC0-301F-11D3-BF4B-00C04F79EFBC}") = "Nebula.NN.UnitTests", "src\Tests\Nebula.NN.UnitTests\Nebula.NN.UnitTests.csproj", "{8F6A9D05-DFD0-4EAA-AD65-7C2D24913473}"
EndProject
Global
	GlobalSection(SolutionConfigurationPlatforms) = preSolution
		Debug|Any CPU = Debug|Any CPU
		Release|Any CPU = Release|Any CPU
	EndGlobalSection
	GlobalSection(SolutionProperties) = preSolution
		HideSolutionNode = FALSE
	EndGlobalSection
	GlobalSection(ProjectConfigurationPlatforms) = postSolution
		{CEC1E4EB-BCE7-4645-A742-EE7AF39C7B2D}.Debug|Any CPU.ActiveCfg = Debug|Any CPU
		{CEC1E4EB-BCE7-4645-A742-EE7AF39C7B2D}.Debug|Any CPU.Build.0 = Debug|Any CPU
		{CEC1E4EB-BCE7-4645-A742-EE7AF39C7B2D}.Release|Any CPU.ActiveCfg = Release|Any CPU
		{CEC1E4EB-BCE7-4645-A742-EE7AF39C7B2D}.Release|Any CPU.Build.0 = Release|Any CPU
		{DBD04C18-72DB-431A-A021-8DBF03C365DD}.Debug|Any CPU.ActiveCfg = Debug|Any CPU
		{DBD04C18-72DB-431A-A021-8DBF03C365DD}.Debug|Any CPU.Build.0 = Debug|Any CPU
		{DBD04C18-72DB-431A-A021-8DBF03C365DD}.Release|Any CPU.ActiveCfg = Release|Any CPU
		{DBD04C18-72DB-431A-A021-8DBF03C365DD}.Release|Any CPU.Build.0 = Release|Any CPU
		{0AEE108D-BAB4-4365-B364-B28BC3EB21B3}.Debug|Any CPU.ActiveCfg = Debug|Any CPU
		{0AEE108D-BAB4-4365-B364-B28BC3EB21B3}.Debug|Any CPU.Build.0 = Debug|Any CPU
		{0AEE108D-BAB4-4365-B364-B28BC3EB21B3}.Release|Any CPU.ActiveCfg = Release|Any CPU
		{0AEE108D-BAB4-4365-B364-B28BC3EB21B3}.Release|Any CPU.Build.0 = Release|Any CPU
		{AA000061-29C1-4EAF-98C3-FDB6CB943085}.Debug|Any CPU.ActiveCfg = Debug|Any CPU
		{AA000061-29C1-4EAF-98C3-FDB6CB943085}.Debug|Any CPU.Build.0 = Debug|Any CPU
		{AA000061-29C1-4EAF-98C3-FDB6CB943085}.Release|Any CPU.ActiveCfg = Release|Any CPU
		{AA000061-29C1-4EAF-98C3-FDB6CB943085}.Release|Any CPU.Build.0 = Release|Any CPU
		{87A50ECC-6D3C-44A4-ACD1-8296403DEC23}.Debug|Any CPU.ActiveCfg = Debug|Any CPU
		{87A50ECC-6D3C-44A4-ACD1-8296403DEC23}.Debug|Any CPU.Build.0 = Debug|Any CPU
		{87A50ECC-6D3C-44A4-ACD1-8296403DEC23}.Release|Any CPU.ActiveCfg = Release|Any CPU
		{87A50ECC-6D3C-44A4-ACD1-8296403DEC23}.Release|Any CPU.Build.0 = Release|Any CPU
		{46E12EDE-ECD9-45C2-804C-120F9A503AEE}.Debug|Any CPU.ActiveCfg = Debug|Any CPU
		{46E12EDE-ECD9-45C2-804C-120F9A503AEE}.Debug|Any CPU.Build.0 = Debug|Any CPU
		{46E12EDE-ECD9-45C2-804C-120F9A503AEE}.Release|Any CPU.ActiveCfg = Release|Any CPU
		{46E12EDE-ECD9-45C2-804C-120F9A503AEE}.Release|Any CPU.Build.0 = Release|Any CPU
		{40F0DBEF-9CFE-4A3F-9B59-00169C5C35BC}.Debug|Any CPU.ActiveCfg = Debug|Any CPU
		{40F0DBEF-9CFE-4A3F-9B59-00169C5C35BC}.Debug|Any CPU.Build.0 = Debug|Any CPU
		{40F0DBEF-9CFE-4A3F-9B59-00169C5C35BC}.Release|Any CPU.ActiveCfg = Release|Any CPU
		{40F0DBEF-9CFE-4A3F-9B59-00169C5C35BC}.Release|Any CPU.Build.0 = Release|Any CPU
		{E27505C4-8842-4B8D-9D20-E3673940B46D}.Debug|Any CPU.ActiveCfg = Debug|Any CPU
		{E27505C4-8842-4B8D-9D20-E3673940B46D}.Debug|Any CPU.Build.0 = Debug|Any CPU
		{E27505C4-8842-4B8D-9D20-E3673940B46D}.Release|Any CPU.ActiveCfg = Release|Any CPU
		{E27505C4-8842-4B8D-9D20-E3673940B46D}.Release|Any CPU.Build.0 = Release|Any CPU
		{3D9BF569-FF8B-475F-AD01-BD952F0665B1}.Debug|Any CPU.ActiveCfg = Debug|Any CPU
		{3D9BF569-FF8B-475F-AD01-BD952F0665B1}.Debug|Any CPU.Build.0 = Debug|Any CPU
		{3D9BF569-FF8B-475F-AD01-BD952F0665B1}.Release|Any CPU.ActiveCfg = Release|Any CPU
		{3D9BF569-FF8B-475F-AD01-BD952F0665B1}.Release|Any CPU.Build.0 = Release|Any CPU
		{075CC433-5A02-4C80-9C4C-AD8806073A28}.Debug|Any CPU.ActiveCfg = Debug|Any CPU
		{075CC433-5A02-4C80-9C4C-AD8806073A28}.Debug|Any CPU.Build.0 = Debug|Any CPU
		{075CC433-5A02-4C80-9C4C-AD8806073A28}.Release|Any CPU.ActiveCfg = Release|Any CPU
		{075CC433-5A02-4C80-9C4C-AD8806073A28}.Release|Any CPU.Build.0 = Release|Any CPU
		{62E8555B-CCF2-43E8-9284-D963751D78F0}.Debug|Any CPU.ActiveCfg = Debug|Any CPU
		{62E8555B-CCF2-43E8-9284-D963751D78F0}.Debug|Any CPU.Build.0 = Debug|Any CPU
		{62E8555B-CCF2-43E8-9284-D963751D78F0}.Release|Any CPU.ActiveCfg = Release|Any CPU
		{62E8555B-CCF2-43E8-9284-D963751D78F0}.Release|Any CPU.Build.0 = Release|Any CPU
		{69CEE216-4C47-4F52-B746-879CA728859D}.Debug|Any CPU.ActiveCfg = Debug|Any CPU
		{69CEE216-4C47-4F52-B746-879CA728859D}.Debug|Any CPU.Build.0 = Debug|Any CPU
		{69CEE216-4C47-4F52-B746-879CA728859D}.Release|Any CPU.ActiveCfg = Release|Any CPU
		{69CEE216-4C47-4F52-B746-879CA728859D}.Release|Any CPU.Build.0 = Release|Any CPU
		{583A631F-AFAE-4173-B787-80801C1AFAB1}.Debug|Any CPU.ActiveCfg = Debug|Any CPU
		{583A631F-AFAE-4173-B787-80801C1AFAB1}.Debug|Any CPU.Build.0 = Debug|Any CPU
		{583A631F-AFAE-4173-B787-80801C1AFAB1}.Release|Any CPU.ActiveCfg = Release|Any CPU
		{583A631F-AFAE-4173-B787-80801C1AFAB1}.Release|Any CPU.Build.0 = Release|Any CPU
		{4B75C9C6-0DD0-48F0-AC2E-BD3940CE6932}.Debug|Any CPU.ActiveCfg = Debug|Any CPU
		{4B75C9C6-0DD0-48F0-AC2E-BD3940CE6932}.Debug|Any CPU.Build.0 = Debug|Any CPU
		{4B75C9C6-0DD0-48F0-AC2E-BD3940CE6932}.Release|Any CPU.ActiveCfg = Release|Any CPU
		{4B75C9C6-0DD0-48F0-AC2E-BD3940CE6932}.Release|Any CPU.Build.0 = Release|Any CPU
		{8F6A9D05-DFD0-4EAA-AD65-7C2D24913473}.Debug|Any CPU.ActiveCfg = Debug|Any CPU
		{8F6A9D05-DFD0-4EAA-AD65-7C2D24913473}.Debug|Any CPU.Build.0 = Debug|Any CPU
		{8F6A9D05-DFD0-4EAA-AD65-7C2D24913473}.Release|Any CPU.ActiveCfg = Release|Any CPU
		{8F6A9D05-DFD0-4EAA-AD65-7C2D24913473}.Release|Any CPU.Build.0 = Release|Any CPU
	EndGlobalSection
	GlobalSection(NestedProjects) = preSolution
		{CEC1E4EB-BCE7-4645-A742-EE7AF39C7B2D} = {D66D9F5C-AC02-4ED9-B6B5-5AAB6FAAE6D1}
		{DBD04C18-72DB-431A-A021-8DBF03C365DD} = {D66D9F5C-AC02-4ED9-B6B5-5AAB6FAAE6D1}
		{0AEE108D-BAB4-4365-B364-B28BC3EB21B3} = {D66D9F5C-AC02-4ED9-B6B5-5AAB6FAAE6D1}
		{AA000061-29C1-4EAF-98C3-FDB6CB943085} = {D66D9F5C-AC02-4ED9-B6B5-5AAB6FAAE6D1}
		{87A50ECC-6D3C-44A4-ACD1-8296403DEC23} = {D66D9F5C-AC02-4ED9-B6B5-5AAB6FAAE6D1}
		{46E12EDE-ECD9-45C2-804C-120F9A503AEE} = {D66D9F5C-AC02-4ED9-B6B5-5AAB6FAAE6D1}
		{88DBFF05-2114-4DF1-AF3B-F662C5685A07} = {D66D9F5C-AC02-4ED9-B6B5-5AAB6FAAE6D1}
		{40F0DBEF-9CFE-4A3F-9B59-00169C5C35BC} = {88DBFF05-2114-4DF1-AF3B-F662C5685A07}
		{E27505C4-8842-4B8D-9D20-E3673940B46D} = {88DBFF05-2114-4DF1-AF3B-F662C5685A07}
		{3D9BF569-FF8B-475F-AD01-BD952F0665B1} = {88DBFF05-2114-4DF1-AF3B-F662C5685A07}
		{075CC433-5A02-4C80-9C4C-AD8806073A28} = {88DBFF05-2114-4DF1-AF3B-F662C5685A07}
		{D48086B3-4D6D-4D3D-AFED-CCB86A0EA304} = {D66D9F5C-AC02-4ED9-B6B5-5AAB6FAAE6D1}
		{62E8555B-CCF2-43E8-9284-D963751D78F0} = {D48086B3-4D6D-4D3D-AFED-CCB86A0EA304}
		{69CEE216-4C47-4F52-B746-879CA728859D} = {D48086B3-4D6D-4D3D-AFED-CCB86A0EA304}
		{583A631F-AFAE-4173-B787-80801C1AFAB1} = {D48086B3-4D6D-4D3D-AFED-CCB86A0EA304}
		{4B75C9C6-0DD0-48F0-AC2E-BD3940CE6932} = {D48086B3-4D6D-4D3D-AFED-CCB86A0EA304}
		{8F6A9D05-DFD0-4EAA-AD65-7C2D24913473} = {D48086B3-4D6D-4D3D-AFED-CCB86A0EA304}
	EndGlobalSection
EndGlobal
